
Microsoft Visual Studio Solution File, Format Version 12.00
# Visual Studio Version 17
VisualStudioVersion = 17.0.31919.166
MinimumVisualStudioVersion = 10.0.40219.1
Project("{FAE04EC0-301F-11D3-BF4B-00C04F79EFBC}") = "ControleDeFinancas.Domain", "ControleDeFinancas.Domain\ControleDeFinancas.Domain.csproj", "{12C9FA66-7D88-4D63-8270-99153500E7DC}"
EndProject
Project("{FAE04EC0-301F-11D3-BF4B-00C04F79EFBC}") = "ControleDeFinancas.Repo", "ControleDeFinancas.Repo\ControleDeFinancas.Repo.csproj", "{BF0EF86A-6FB8-4E77-81DB-CCE78B79220B}"
EndProject
Project("{FAE04EC0-301F-11D3-BF4B-00C04F79EFBC}") = "ControleDeFinancas.API", "ControleDeFinancas.API\ControleDeFinancas.API.csproj", "{B4EDC1D8-BEBE-4553-8399-6123B2410614}"
EndProject
Global
	GlobalSection(SolutionConfigurationPlatforms) = preSolution
		Debug|Any CPU = Debug|Any CPU
		Release|Any CPU = Release|Any CPU
	EndGlobalSection
	GlobalSection(ProjectConfigurationPlatforms) = postSolution
		{12C9FA66-7D88-4D63-8270-99153500E7DC}.Debug|Any CPU.ActiveCfg = Debug|Any CPU
		{12C9FA66-7D88-4D63-8270-99153500E7DC}.Debug|Any CPU.Build.0 = Debug|Any CPU
		{12C9FA66-7D88-4D63-8270-99153500E7DC}.Release|Any CPU.ActiveCfg = Release|Any CPU
		{12C9FA66-7D88-4D63-8270-99153500E7DC}.Release|Any CPU.Build.0 = Release|Any CPU
		{BF0EF86A-6FB8-4E77-81DB-CCE78B79220B}.Debug|Any CPU.ActiveCfg = Debug|Any CPU
		{BF0EF86A-6FB8-4E77-81DB-CCE78B79220B}.Debug|Any CPU.Build.0 = Debug|Any CPU
		{BF0EF86A-6FB8-4E77-81DB-CCE78B79220B}.Release|Any CPU.ActiveCfg = Release|Any CPU
		{BF0EF86A-6FB8-4E77-81DB-CCE78B79220B}.Release|Any CPU.Build.0 = Release|Any CPU
		{B4EDC1D8-BEBE-4553-8399-6123B2410614}.Debug|Any CPU.ActiveCfg = Debug|Any CPU
		{B4EDC1D8-BEBE-4553-8399-6123B2410614}.Debug|Any CPU.Build.0 = Debug|Any CPU
		{B4EDC1D8-BEBE-4553-8399-6123B2410614}.Release|Any CPU.ActiveCfg = Release|Any CPU
		{B4EDC1D8-BEBE-4553-8399-6123B2410614}.Release|Any CPU.Build.0 = Release|Any CPU
	EndGlobalSection
	GlobalSection(SolutionProperties) = preSolution
		HideSolutionNode = FALSE
	EndGlobalSection
	GlobalSection(ExtensibilityGlobals) = postSolution
		SolutionGuid = {F337AF81-4B3A-4AB6-81E0-9D7D463C00D6}
	EndGlobalSection
EndGlobal
